
Microsoft Visual Studio Solution File, Format Version 12.00
# Visual Studio Version 17
VisualStudioVersion = 17.11.35327.3
MinimumVisualStudioVersion = 10.0.40219.1
Project("{2150E333-8FDC-42A3-9474-1A3956D46DE8}") = "src", "src", "{AF9E1E8F-7184-4C39-91D2-140FFF3CAFF4}"
EndProject
Project("{2150E333-8FDC-42A3-9474-1A3956D46DE8}") = "test", "test", "{AAFAC585-6AB1-4CD8-85A5-4407D6C5035B}"
EndProject
Project("{2150E333-8FDC-42A3-9474-1A3956D46DE8}") = "Core", "Core", "{CC6384C4-D0CF-4293-AC5A-2CFD6D02C846}"
EndProject
Project("{FAE04EC0-301F-11D3-BF4B-00C04F79EFBC}") = "App.Application", "App.Application\App.Application.csproj", "{D27B6219-0596-4997-B9C0-95FBD58C3613}"
EndProject
Project("{FAE04EC0-301F-11D3-BF4B-00C04F79EFBC}") = "App.Domain", "App.Domain\App.Domain.csproj", "{807FC072-61A6-44FF-A613-AEE10689675C}"
EndProject
Project("{2150E333-8FDC-42A3-9474-1A3956D46DE8}") = "Infrastructure", "Infrastructure", "{564120C7-EFDB-4420-8AAA-103111D6D7DD}"
EndProject
Project("{2150E333-8FDC-42A3-9474-1A3956D46DE8}") = "Api", "Api", "{F1FEFA4F-F3F3-45C0-8F20-A208237E43E5}"
EndProject
Project("{FAE04EC0-301F-11D3-BF4B-00C04F79EFBC}") = "App.Caching", "App.Caching\App.Caching.csproj", "{39788EE7-9882-4268-A35B-BF8D83FA5961}"
EndProject
Project("{FAE04EC0-301F-11D3-BF4B-00C04F79EFBC}") = "App.Persistence", "App.Persistence\App.Persistence.csproj", "{87A353B3-39E4-4806-AB8B-4C12B6CBED53}"
EndProject
Project("{FAE04EC0-301F-11D3-BF4B-00C04F79EFBC}") = "App.Api", "App.Api\App.Api.csproj", "{303DFCB0-6BF6-40A4-8C89-A940DA0E1509}"
EndProject
Global
	GlobalSection(SolutionConfigurationPlatforms) = preSolution
		Debug|Any CPU = Debug|Any CPU
		Release|Any CPU = Release|Any CPU
	EndGlobalSection
	GlobalSection(ProjectConfigurationPlatforms) = postSolution
		{D27B6219-0596-4997-B9C0-95FBD58C3613}.Debug|Any CPU.ActiveCfg = Debug|Any CPU
		{D27B6219-0596-4997-B9C0-95FBD58C3613}.Debug|Any CPU.Build.0 = Debug|Any CPU
		{D27B6219-0596-4997-B9C0-95FBD58C3613}.Release|Any CPU.ActiveCfg = Release|Any CPU
		{D27B6219-0596-4997-B9C0-95FBD58C3613}.Release|Any CPU.Build.0 = Release|Any CPU
		{807FC072-61A6-44FF-A613-AEE10689675C}.Debug|Any CPU.ActiveCfg = Debug|Any CPU
		{807FC072-61A6-44FF-A613-AEE10689675C}.Debug|Any CPU.Build.0 = Debug|Any CPU
		{807FC072-61A6-44FF-A613-AEE10689675C}.Release|Any CPU.ActiveCfg = Release|Any CPU
		{807FC072-61A6-44FF-A613-AEE10689675C}.Release|Any CPU.Build.0 = Release|Any CPU
		{39788EE7-9882-4268-A35B-BF8D83FA5961}.Debug|Any CPU.ActiveCfg = Debug|Any CPU
		{39788EE7-9882-4268-A35B-BF8D83FA5961}.Debug|Any CPU.Build.0 = Debug|Any CPU
		{39788EE7-9882-4268-A35B-BF8D83FA5961}.Release|Any CPU.ActiveCfg = Release|Any CPU
		{39788EE7-9882-4268-A35B-BF8D83FA5961}.Release|Any CPU.Build.0 = Release|Any CPU
		{87A353B3-39E4-4806-AB8B-4C12B6CBED53}.Debug|Any CPU.ActiveCfg = Debug|Any CPU
		{87A353B3-39E4-4806-AB8B-4C12B6CBED53}.Debug|Any CPU.Build.0 = Debug|Any CPU
		{87A353B3-39E4-4806-AB8B-4C12B6CBED53}.Release|Any CPU.ActiveCfg = Release|Any CPU
		{87A353B3-39E4-4806-AB8B-4C12B6CBED53}.Release|Any CPU.Build.0 = Release|Any CPU
		{303DFCB0-6BF6-40A4-8C89-A940DA0E1509}.Debug|Any CPU.ActiveCfg = Debug|Any CPU
		{303DFCB0-6BF6-40A4-8C89-A940DA0E1509}.Debug|Any CPU.Build.0 = Debug|Any CPU
		{303DFCB0-6BF6-40A4-8C89-A940DA0E1509}.Release|Any CPU.ActiveCfg = Release|Any CPU
		{303DFCB0-6BF6-40A4-8C89-A940DA0E1509}.Release|Any CPU.Build.0 = Release|Any CPU
	EndGlobalSection
	GlobalSection(SolutionProperties) = preSolution
		HideSolutionNode = FALSE
	EndGlobalSection
	GlobalSection(NestedProjects) = preSolution
		{CC6384C4-D0CF-4293-AC5A-2CFD6D02C846} = {AF9E1E8F-7184-4C39-91D2-140FFF3CAFF4}
		{D27B6219-0596-4997-B9C0-95FBD58C3613} = {CC6384C4-D0CF-4293-AC5A-2CFD6D02C846}
		{807FC072-61A6-44FF-A613-AEE10689675C} = {CC6384C4-D0CF-4293-AC5A-2CFD6D02C846}
		{564120C7-EFDB-4420-8AAA-103111D6D7DD} = {AF9E1E8F-7184-4C39-91D2-140FFF3CAFF4}
		{F1FEFA4F-F3F3-45C0-8F20-A208237E43E5} = {AF9E1E8F-7184-4C39-91D2-140FFF3CAFF4}
		{39788EE7-9882-4268-A35B-BF8D83FA5961} = {564120C7-EFDB-4420-8AAA-103111D6D7DD}
		{87A353B3-39E4-4806-AB8B-4C12B6CBED53} = {564120C7-EFDB-4420-8AAA-103111D6D7DD}
		{303DFCB0-6BF6-40A4-8C89-A940DA0E1509} = {F1FEFA4F-F3F3-45C0-8F20-A208237E43E5}
	EndGlobalSection
	GlobalSection(ExtensibilityGlobals) = postSolution
		SolutionGuid = {ECEA853A-9751-4BC7-A4A6-8C6072B2C38D}
	EndGlobalSection
EndGlobal
